
Microsoft Visual Studio Solution File, Format Version 12.00
# Visual Studio Version 16
VisualStudioVersion = 16.0.30517.126
MinimumVisualStudioVersion = 10.0.40219.1
Project("{FAE04EC0-301F-11D3-BF4B-00C04F79EFBC}") = "KB.Helpers.ClassLibrary", "KB.Helpers.ClassLibrary\KB.Helpers.ClassLibrary.csproj", "{E76985E3-8154-4F29-B99D-C89942A008EC}"
EndProject
Global
	GlobalSection(SolutionConfigurationPlatforms) = preSolution
		Debug|Any CPU = Debug|Any CPU
		Release|Any CPU = Release|Any CPU
	EndGlobalSection
	GlobalSection(ProjectConfigurationPlatforms) = postSolution
		{E76985E3-8154-4F29-B99D-C89942A008EC}.Debug|Any CPU.ActiveCfg = Debug|Any CPU
		{E76985E3-8154-4F29-B99D-C89942A008EC}.Debug|Any CPU.Build.0 = Debug|Any CPU
		{E76985E3-8154-4F29-B99D-C89942A008EC}.Release|Any CPU.ActiveCfg = Release|Any CPU
		{E76985E3-8154-4F29-B99D-C89942A008EC}.Release|Any CPU.Build.0 = Release|Any CPU
	EndGlobalSection
	GlobalSection(SolutionProperties) = preSolution
		HideSolutionNode = FALSE
	EndGlobalSection
	GlobalSection(ExtensibilityGlobals) = postSolution
		SolutionGuid = {A7028AF1-2F67-4569-BC6E-2560CB83DA39}
	EndGlobalSection
EndGlobal
